
Microsoft Visual Studio Solution File, Format Version 12.00
# Visual Studio Version 17
VisualStudioVersion = 17.1.31911.260
MinimumVisualStudioVersion = 10.0.40219.1
Project("{888888A0-9F3D-457C-B088-3A5042F75D52}") = "PokemonBDSPTypeAnalyzer", "PokemonBDSPTypeAnalyzer.pyproj", "{6150A74C-6E14-4EB5-B988-3E18B025E43C}"
EndProject
Global
	GlobalSection(SolutionConfigurationPlatforms) = preSolution
		Debug|Any CPU = Debug|Any CPU
		Release|Any CPU = Release|Any CPU
	EndGlobalSection
	GlobalSection(ProjectConfigurationPlatforms) = postSolution
		{6150A74C-6E14-4EB5-B988-3E18B025E43C}.Debug|Any CPU.ActiveCfg = Debug|Any CPU
		{6150A74C-6E14-4EB5-B988-3E18B025E43C}.Release|Any CPU.ActiveCfg = Release|Any CPU
	EndGlobalSection
	GlobalSection(SolutionProperties) = preSolution
		HideSolutionNode = FALSE
	EndGlobalSection
	GlobalSection(ExtensibilityGlobals) = postSolution
		SolutionGuid = {85E7ABD4-0E37-44A2-94F4-0F289443931D}
	EndGlobalSection
EndGlobal
